
Microsoft Visual Studio Solution File, Format Version 12.00
# Visual Studio Version 16
VisualStudioVersion = 16.0.29503.13
MinimumVisualStudioVersion = 10.0.40219.1
Project("{FAE04EC0-301F-11D3-BF4B-00C04F79EFBC}") = "DellyShopApp.Android", "DellyShopApp\DellyShopApp.Android\DellyShopApp.Android.csproj", "{4AB913E1-A69E-471A-A58F-DA46CF5AAF01}"
EndProject
Project("{FAE04EC0-301F-11D3-BF4B-00C04F79EFBC}") = "DellyShopApp.iOS", "DellyShopApp\DellyShopApp.iOS\DellyShopApp.iOS.csproj", "{08B98A4F-5E26-4AE1-92E7-77EE71DCEA43}"
EndProject
Project("{9A19103F-16F7-4668-BE54-9A1E7A4F7556}") = "DellyShopApp", "DellyShopApp\DellyShopApp\DellyShopApp.csproj", "{DFE6DA77-875D-4CCB-BFCC-22F17BABB84E}"
EndProject
Global
	GlobalSection(SolutionConfigurationPlatforms) = preSolution
		Ad-Hoc|Any CPU = Ad-Hoc|Any CPU
		Ad-Hoc|iPhone = Ad-Hoc|iPhone
		Ad-Hoc|iPhoneSimulator = Ad-Hoc|iPhoneSimulator
		AppStore|Any CPU = AppStore|Any CPU
		AppStore|iPhone = AppStore|iPhone
		AppStore|iPhoneSimulator = AppStore|iPhoneSimulator
		Debug|Any CPU = Debug|Any CPU
		Debug|iPhone = Debug|iPhone
		Debug|iPhoneSimulator = Debug|iPhoneSimulator
		Release|Any CPU = Release|Any CPU
		Release|iPhone = Release|iPhone
		Release|iPhoneSimulator = Release|iPhoneSimulator
	EndGlobalSection
	GlobalSection(ProjectConfigurationPlatforms) = postSolution
		{4AB913E1-A69E-471A-A58F-DA46CF5AAF01}.Ad-Hoc|Any CPU.ActiveCfg = Release|Any CPU
		{4AB913E1-A69E-471A-A58F-DA46CF5AAF01}.Ad-Hoc|Any CPU.Build.0 = Release|Any CPU
		{4AB913E1-A69E-471A-A58F-DA46CF5AAF01}.Ad-Hoc|Any CPU.Deploy.0 = Release|Any CPU
		{4AB913E1-A69E-471A-A58F-DA46CF5AAF01}.Ad-Hoc|iPhone.ActiveCfg = Release|Any CPU
		{4AB913E1-A69E-471A-A58F-DA46CF5AAF01}.Ad-Hoc|iPhone.Build.0 = Release|Any CPU
		{4AB913E1-A69E-471A-A58F-DA46CF5AAF01}.Ad-Hoc|iPhone.Deploy.0 = Release|Any CPU
		{4AB913E1-A69E-471A-A58F-DA46CF5AAF01}.Ad-Hoc|iPhoneSimulator.ActiveCfg = Release|Any CPU
		{4AB913E1-A69E-471A-A58F-DA46CF5AAF01}.Ad-Hoc|iPhoneSimulator.Build.0 = Release|Any CPU
		{4AB913E1-A69E-471A-A58F-DA46CF5AAF01}.Ad-Hoc|iPhoneSimulator.Deploy.0 = Release|Any CPU
		{4AB913E1-A69E-471A-A58F-DA46CF5AAF01}.AppStore|Any CPU.ActiveCfg = Release|Any CPU
		{4AB913E1-A69E-471A-A58F-DA46CF5AAF01}.AppStore|Any CPU.Build.0 = Release|Any CPU
		{4AB913E1-A69E-471A-A58F-DA46CF5AAF01}.AppStore|Any CPU.Deploy.0 = Release|Any CPU
		{4AB913E1-A69E-471A-A58F-DA46CF5AAF01}.AppStore|iPhone.ActiveCfg = Release|Any CPU
		{4AB913E1-A69E-471A-A58F-DA46CF5AAF01}.AppStore|iPhone.Build.0 = Release|Any CPU
		{4AB913E1-A69E-471A-A58F-DA46CF5AAF01}.AppStore|iPhone.Deploy.0 = Release|Any CPU
		{4AB913E1-A69E-471A-A58F-DA46CF5AAF01}.AppStore|iPhoneSimulator.ActiveCfg = Release|Any CPU
		{4AB913E1-A69E-471A-A58F-DA46CF5AAF01}.AppStore|iPhoneSimulator.Build.0 = Release|Any CPU
		{4AB913E1-A69E-471A-A58F-DA46CF5AAF01}.AppStore|iPhoneSimulator.Deploy.0 = Release|Any CPU
		{4AB913E1-A69E-471A-A58F-DA46CF5AAF01}.Debug|Any CPU.ActiveCfg = Debug|Any CPU
		{4AB913E1-A69E-471A-A58F-DA46CF5AAF01}.Debug|Any CPU.Build.0 = Debug|Any CPU
		{4AB913E1-A69E-471A-A58F-DA46CF5AAF01}.Debug|Any CPU.Deploy.0 = Debug|Any CPU
		{4AB913E1-A69E-471A-A58F-DA46CF5AAF01}.Debug|iPhone.ActiveCfg = Debug|Any CPU
		{4AB913E1-A69E-471A-A58F-DA46CF5AAF01}.Debug|iPhone.Build.0 = Debug|Any CPU
		{4AB913E1-A69E-471A-A58F-DA46CF5AAF01}.Debug|iPhone.Deploy.0 = Debug|Any CPU
		{4AB913E1-A69E-471A-A58F-DA46CF5AAF01}.Debug|iPhoneSimulator.ActiveCfg = Debug|Any CPU
		{4AB913E1-A69E-471A-A58F-DA46CF5AAF01}.Debug|iPhoneSimulator.Build.0 = Debug|Any CPU
		{4AB913E1-A69E-471A-A58F-DA46CF5AAF01}.Debug|iPhoneSimulator.Deploy.0 = Debug|Any CPU
		{4AB913E1-A69E-471A-A58F-DA46CF5AAF01}.Release|Any CPU.ActiveCfg = Release|Any CPU
		{4AB913E1-A69E-471A-A58F-DA46CF5AAF01}.Release|Any CPU.Build.0 = Release|Any CPU
		{4AB913E1-A69E-471A-A58F-DA46CF5AAF01}.Release|Any CPU.Deploy.0 = Release|Any CPU
		{4AB913E1-A69E-471A-A58F-DA46CF5AAF01}.Release|iPhone.ActiveCfg = Release|Any CPU
		{4AB913E1-A69E-471A-A58F-DA46CF5AAF01}.Release|iPhone.Build.0 = Release|Any CPU
		{4AB913E1-A69E-471A-A58F-DA46CF5AAF01}.Release|iPhone.Deploy.0 = Release|Any CPU
		{4AB913E1-A69E-471A-A58F-DA46CF5AAF01}.Release|iPhoneSimulator.ActiveCfg = Release|Any CPU
		{4AB913E1-A69E-471A-A58F-DA46CF5AAF01}.Release|iPhoneSimulator.Build.0 = Release|Any CPU
		{4AB913E1-A69E-471A-A58F-DA46CF5AAF01}.Release|iPhoneSimulator.Deploy.0 = Release|Any CPU
		{08B98A4F-5E26-4AE1-92E7-77EE71DCEA43}.Ad-Hoc|Any CPU.ActiveCfg = Ad-Hoc|iPhone
		{08B98A4F-5E26-4AE1-92E7-77EE71DCEA43}.Ad-Hoc|Any CPU.Build.0 = Ad-Hoc|iPhone
		{08B98A4F-5E26-4AE1-92E7-77EE71DCEA43}.Ad-Hoc|Any CPU.Deploy.0 = Ad-Hoc|iPhone
		{08B98A4F-5E26-4AE1-92E7-77EE71DCEA43}.Ad-Hoc|iPhone.ActiveCfg = Ad-Hoc|iPhone
		{08B98A4F-5E26-4AE1-92E7-77EE71DCEA43}.Ad-Hoc|iPhone.Build.0 = Ad-Hoc|iPhone
		{08B98A4F-5E26-4AE1-92E7-77EE71DCEA43}.Ad-Hoc|iPhone.Deploy.0 = Ad-Hoc|iPhone
		{08B98A4F-5E26-4AE1-92E7-77EE71DCEA43}.Ad-Hoc|iPhoneSimulator.ActiveCfg = Ad-Hoc|iPhoneSimulator
		{08B98A4F-5E26-4AE1-92E7-77EE71DCEA43}.Ad-Hoc|iPhoneSimulator.Build.0 = Ad-Hoc|iPhoneSimulator
		{08B98A4F-5E26-4AE1-92E7-77EE71DCEA43}.Ad-Hoc|iPhoneSimulator.Deploy.0 = Ad-Hoc|iPhoneSimulator
		{08B98A4F-5E26-4AE1-92E7-77EE71DCEA43}.AppStore|Any CPU.ActiveCfg = AppStore|iPhone
		{08B98A4F-5E26-4AE1-92E7-77EE71DCEA43}.AppStore|Any CPU.Build.0 = AppStore|iPhone
		{08B98A4F-5E26-4AE1-92E7-77EE71DCEA43}.AppStore|Any CPU.Deploy.0 = AppStore|iPhone
		{08B98A4F-5E26-4AE1-92E7-77EE71DCEA43}.AppStore|iPhone.ActiveCfg = AppStore|iPhone
		{08B98A4F-5E26-4AE1-92E7-77EE71DCEA43}.AppStore|iPhone.Build.0 = AppStore|iPhone
		{08B98A4F-5E26-4AE1-92E7-77EE71DCEA43}.AppStore|iPhone.Deploy.0 = AppStore|iPhone
		{08B98A4F-5E26-4AE1-92E7-77EE71DCEA43}.AppStore|iPhoneSimulator.ActiveCfg = AppStore|iPhoneSimulator
		{08B98A4F-5E26-4AE1-92E7-77EE71DCEA43}.AppStore|iPhoneSimulator.Build.0 = AppStore|iPhoneSimulator
		{08B98A4F-5E26-4AE1-92E7-77EE71DCEA43}.AppStore|iPhoneSimulator.Deploy.0 = AppStore|iPhoneSimulator
		{08B98A4F-5E26-4AE1-92E7-77EE71DCEA43}.Debug|Any CPU.ActiveCfg = Debug|iPhoneSimulator
		{08B98A4F-5E26-4AE1-92E7-77EE71DCEA43}.Debug|iPhone.ActiveCfg = Debug|iPhone
		{08B98A4F-5E26-4AE1-92E7-77EE71DCEA43}.Debug|iPhone.Build.0 = Debug|iPhone
		{08B98A4F-5E26-4AE1-92E7-77EE71DCEA43}.Debug|iPhone.Deploy.0 = Debug|iPhone
		{08B98A4F-5E26-4AE1-92E7-77EE71DCEA43}.Debug|iPhoneSimulator.ActiveCfg = Debug|iPhoneSimulator
		{08B98A4F-5E26-4AE1-92E7-77EE71DCEA43}.Debug|iPhoneSimulator.Build.0 = Debug|iPhoneSimulator
		{08B98A4F-5E26-4AE1-92E7-77EE71DCEA43}.Debug|iPhoneSimulator.Deploy.0 = Debug|iPhoneSimulator
		{08B98A4F-5E26-4AE1-92E7-77EE71DCEA43}.Release|Any CPU.ActiveCfg = Release|iPhone
		{08B98A4F-5E26-4AE1-92E7-77EE71DCEA43}.Release|Any CPU.Deploy.0 = Release|iPhone
		{08B98A4F-5E26-4AE1-92E7-77EE71DCEA43}.Release|iPhone.ActiveCfg = Release|iPhone
		{08B98A4F-5E26-4AE1-92E7-77EE71DCEA43}.Release|iPhone.Build.0 = Release|iPhone
		{08B98A4F-5E26-4AE1-92E7-77EE71DCEA43}.Release|iPhone.Deploy.0 = Release|iPhone
		{08B98A4F-5E26-4AE1-92E7-77EE71DCEA43}.Release|iPhoneSimulator.ActiveCfg = Release|iPhoneSimulator
		{08B98A4F-5E26-4AE1-92E7-77EE71DCEA43}.Release|iPhoneSimulator.Build.0 = Release|iPhoneSimulator
		{08B98A4F-5E26-4AE1-92E7-77EE71DCEA43}.Release|iPhoneSimulator.Deploy.0 = Release|iPhoneSimulator
		{DFE6DA77-875D-4CCB-BFCC-22F17BABB84E}.Ad-Hoc|Any CPU.ActiveCfg = Debug|Any CPU
		{DFE6DA77-875D-4CCB-BFCC-22F17BABB84E}.Ad-Hoc|Any CPU.Build.0 = Debug|Any CPU
		{DFE6DA77-875D-4CCB-BFCC-22F17BABB84E}.Ad-Hoc|Any CPU.Deploy.0 = Debug|Any CPU
		{DFE6DA77-875D-4CCB-BFCC-22F17BABB84E}.Ad-Hoc|iPhone.ActiveCfg = Debug|Any CPU
		{DFE6DA77-875D-4CCB-BFCC-22F17BABB84E}.Ad-Hoc|iPhone.Build.0 = Debug|Any CPU
		{DFE6DA77-875D-4CCB-BFCC-22F17BABB84E}.Ad-Hoc|iPhone.Deploy.0 = Debug|Any CPU
		{DFE6DA77-875D-4CCB-BFCC-22F17BABB84E}.Ad-Hoc|iPhoneSimulator.ActiveCfg = Debug|Any CPU
		{DFE6DA77-875D-4CCB-BFCC-22F17BABB84E}.Ad-Hoc|iPhoneSimulator.Build.0 = Debug|Any CPU
		{DFE6DA77-875D-4CCB-BFCC-22F17BABB84E}.Ad-Hoc|iPhoneSimulator.Deploy.0 = Debug|Any CPU
		{DFE6DA77-875D-4CCB-BFCC-22F17BABB84E}.AppStore|Any CPU.ActiveCfg = Debug|Any CPU
		{DFE6DA77-875D-4CCB-BFCC-22F17BABB84E}.AppStore|Any CPU.Build.0 = Debug|Any CPU
		{DFE6DA77-875D-4CCB-BFCC-22F17BABB84E}.AppStore|Any CPU.Deploy.0 = Debug|Any CPU
		{DFE6DA77-875D-4CCB-BFCC-22F17BABB84E}.AppStore|iPhone.ActiveCfg = Debug|Any CPU
		{DFE6DA77-875D-4CCB-BFCC-22F17BABB84E}.AppStore|iPhone.Build.0 = Debug|Any CPU
		{DFE6DA77-875D-4CCB-BFCC-22F17BABB84E}.AppStore|iPhone.Deploy.0 = Debug|Any CPU
		{DFE6DA77-875D-4CCB-BFCC-22F17BABB84E}.AppStore|iPhoneSimulator.ActiveCfg = Debug|Any CPU
		{DFE6DA77-875D-4CCB-BFCC-22F17BABB84E}.AppStore|iPhoneSimulator.Build.0 = Debug|Any CPU
		{DFE6DA77-875D-4CCB-BFCC-22F17BABB84E}.AppStore|iPhoneSimulator.Deploy.0 = Debug|Any CPU
		{DFE6DA77-875D-4CCB-BFCC-22F17BABB84E}.Debug|Any CPU.ActiveCfg = Debug|Any CPU
		{DFE6DA77-875D-4CCB-BFCC-22F17BABB84E}.Debug|Any CPU.Build.0 = Debug|Any CPU
		{DFE6DA77-875D-4CCB-BFCC-22F17BABB84E}.Debug|Any CPU.Deploy.0 = Debug|Any CPU
		{DFE6DA77-875D-4CCB-BFCC-22F17BABB84E}.Debug|iPhone.ActiveCfg = Debug|Any CPU
		{DFE6DA77-875D-4CCB-BFCC-22F17BABB84E}.Debug|iPhone.Build.0 = Debug|Any CPU
		{DFE6DA77-875D-4CCB-BFCC-22F17BABB84E}.Debug|iPhone.Deploy.0 = Debug|Any CPU
		{DFE6DA77-875D-4CCB-BFCC-22F17BABB84E}.Debug|iPhoneSimulator.ActiveCfg = Debug|Any CPU
		{DFE6DA77-875D-4CCB-BFCC-22F17BABB84E}.Debug|iPhoneSimulator.Build.0 = Debug|Any CPU
		{DFE6DA77-875D-4CCB-BFCC-22F17BABB84E}.Debug|iPhoneSimulator.Deploy.0 = Debug|Any CPU
		{DFE6DA77-875D-4CCB-BFCC-22F17BABB84E}.Release|Any CPU.ActiveCfg = Release|Any CPU
		{DFE6DA77-875D-4CCB-BFCC-22F17BABB84E}.Release|Any CPU.Build.0 = Release|Any CPU
		{DFE6DA77-875D-4CCB-BFCC-22F17BABB84E}.Release|Any CPU.Deploy.0 = Release|Any CPU
		{DFE6DA77-875D-4CCB-BFCC-22F17BABB84E}.Release|iPhone.ActiveCfg = Release|Any CPU
		{DFE6DA77-875D-4CCB-BFCC-22F17BABB84E}.Release|iPhone.Build.0 = Release|Any CPU
		{DFE6DA77-875D-4CCB-BFCC-22F17BABB84E}.Release|iPhone.Deploy.0 = Release|Any CPU
		{DFE6DA77-875D-4CCB-BFCC-22F17BABB84E}.Release|iPhoneSimulator.ActiveCfg = Release|Any CPU
		{DFE6DA77-875D-4CCB-BFCC-22F17BABB84E}.Release|iPhoneSimulator.Build.0 = Release|Any CPU
		{DFE6DA77-875D-4CCB-BFCC-22F17BABB84E}.Release|iPhoneSimulator.Deploy.0 = Release|Any CPU
	EndGlobalSection
	GlobalSection(SolutionProperties) = preSolution
		HideSolutionNode = FALSE
	EndGlobalSection
	GlobalSection(ExtensibilityGlobals) = postSolution
		SolutionGuid = {B91A107A-E1A1-4D39-920C-33DC0510CDD2}
	EndGlobalSection
EndGlobal
